{
  "name": "k6-stress-testing",
  "version": "1.0.0",
  "lockfileVersion": 1,
  "requires": true,
  "dependencies": {
    "@types/k6": {
      "version": "0.44.1",
      "resolved": "https://registry.npmjs.org/@types/k6/-/k6-0.44.1.tgz",
      "integrity": "sha512-VTc4Z55WdCTRgXMz1YhWL0KiQNuGiqzXhApCv6oIA4eqD6b99ZB6zmuZZqiAOU1NL/JELzplwfriHEsHNOIxjw==",
      "dev": true
    }
  }
}
